
Microsoft Visual Studio Solution File, Format Version 12.00
# Visual Studio Version 16
VisualStudioVersion = 16.0.31829.152
MinimumVisualStudioVersion = 10.0.40219.1
Project("{FAE04EC0-301F-11D3-BF4B-00C04F79EFBC}") = "TerrysBookStore", "TerrysBookStore\TerrysBookStore.csproj", "{7D1AE984-F27C-41FE-99B1-B24758E6E82F}"
EndProject
Global
	GlobalSection(SolutionConfigurationPlatforms) = preSolution
		Debug|Any CPU = Debug|Any CPU
		Release|Any CPU = Release|Any CPU
	EndGlobalSection
	GlobalSection(ProjectConfigurationPlatforms) = postSolution
		{7D1AE984-F27C-41FE-99B1-B24758E6E82F}.Debug|Any CPU.ActiveCfg = Debug|Any CPU
		{7D1AE984-F27C-41FE-99B1-B24758E6E82F}.Debug|Any CPU.Build.0 = Debug|Any CPU
		{7D1AE984-F27C-41FE-99B1-B24758E6E82F}.Release|Any CPU.ActiveCfg = Release|Any CPU
		{7D1AE984-F27C-41FE-99B1-B24758E6E82F}.Release|Any CPU.Build.0 = Release|Any CPU
	EndGlobalSection
	GlobalSection(SolutionProperties) = preSolution
		HideSolutionNode = FALSE
	EndGlobalSection
	GlobalSection(ExtensibilityGlobals) = postSolution
		SolutionGuid = {000E9BCE-5942-4362-BBE9-67B1F598434B}
	EndGlobalSection
EndGlobal
